
Microsoft Visual Studio Solution File, Format Version 12.00
# Visual Studio 15
Project("{FAE04EC0-301F-11D3-BF4B-00C04F79EFBC}") = "KtaneSouvenir", "KtaneSouvenir.csproj", "{E0C0E75E-6417-4C61-3E51-E28D6FAAD21E}"
EndProject
Project("{FAE04EC0-301F-11D3-BF4B-00C04F79EFBC}") = "KtaneSouvenir.Editor", "KtaneSouvenir.Editor.csproj", "{6FED0A23-BB02-75A9-0118-B6ABB397CA3A}"
EndProject
Global
	GlobalSection(SolutionConfigurationPlatforms) = preSolution
		Debug|Any CPU = Debug|Any CPU
		Release|Any CPU = Release|Any CPU
	EndGlobalSection
	GlobalSection(ProjectConfigurationPlatforms) = postSolution
		{E0C0E75E-6417-4C61-3E51-E28D6FAAD21E}.Debug|Any CPU.ActiveCfg = Debug|Any CPU
		{E0C0E75E-6417-4C61-3E51-E28D6FAAD21E}.Debug|Any CPU.Build.0 = Debug|Any CPU
		{E0C0E75E-6417-4C61-3E51-E28D6FAAD21E}.Release|Any CPU.ActiveCfg = Release|Any CPU
		{E0C0E75E-6417-4C61-3E51-E28D6FAAD21E}.Release|Any CPU.Build.0 = Release|Any CPU
		{6FED0A23-BB02-75A9-0118-B6ABB397CA3A}.Debug|Any CPU.ActiveCfg = Debug|Any CPU
		{6FED0A23-BB02-75A9-0118-B6ABB397CA3A}.Debug|Any CPU.Build.0 = Debug|Any CPU
		{6FED0A23-BB02-75A9-0118-B6ABB397CA3A}.Release|Any CPU.ActiveCfg = Release|Any CPU
		{6FED0A23-BB02-75A9-0118-B6ABB397CA3A}.Release|Any CPU.Build.0 = Release|Any CPU
	EndGlobalSection
	GlobalSection(SolutionProperties) = preSolution
		HideSolutionNode = FALSE
	EndGlobalSection
EndGlobal
